{
  "name": "CarUI",
  "version": "0.1.0",
  "lockfileVersion": 3,
  "requires": true,
  "packages": {
    "": {
      "name": "CarUI",
      "version": "0.1.0",
      "hasInstallScript": true,
      "license": "MIT",
      "dependencies": {
        "node-carplay": "^4.1.0"
      }
    },
    "node_modules/@types/w3c-web-usb": {
      "version": "1.0.14",
      "resolved": "https://registry.npmjs.org/@types/w3c-web-usb/-/w3c-web-usb-1.0.14.tgz",
      "integrity": "sha512-Qu3Nn6JFuF4+sHKYl+IcX9vYiI40ogleXzFFSxoE1W94rG98o/kXs8uJ0QSfFzuwBCZWlGfUGpPkgwuuX4PchA==",
      "license": "MIT"
    },
    "node_modules/node-addon-api": {
      "version": "8.9.0",
      "resolved": "https://registry.npmjs.org/node-addon-api/-/node-addon-api-8.9.0.tgz",
      "integrity": "sha512-ekZMeaaIzSQTSpr7X2X3iJM7lTzgnx8ahAG9pJfT/7+14mlEM8ZYQ9cgCDvSSRbReFK0oHli3WrZdCiRsgAT9Q==",
      "license": "MIT",
      "engines": {
        "node": "^18 || ^20 || >= 21"
      }
    },
    "node_modules/node-carplay": {
      "version": "4.1.0",
      "resolved": "https://registry.npmjs.org/node-carplay/-/node-carplay-4.1.0.tgz",
      "integrity": "sha512-ds2zTFNH5izNHxUFmv5pZm7alUeDgmEnacumdLvZ18esujLEG9rEVUiZMisSnUcW+svfKmTMNdotGIa5sNxE8g==",
      "license": "MIT",
      "dependencies": {
        "node-microphone": "git+https://github.com/rhysmorgan134/node-microphone.git",
        "usb": "^2.10.0"
      }
    },
    "node_modules/node-gyp-build": {
      "version": "4.8.4",
      "resolved": "https://registry.npmjs.org/node-gyp-build/-/node-gyp-build-4.8.4.tgz",
      "integrity": "sha512-LA4ZjwlnUblHVgq0oBF3Jl/6h/Nvs5fzBLwdEF4nuxnFdsfajde4WfxtJr3CaiH+F6ewcIB/q4jQ4UzPyid+CQ==",
      "license": "MIT",
      "bin": {
        "node-gyp-build": "bin.js",
        "node-gyp-build-optional": "optional.js",
        "node-gyp-build-test": "build-test.js"
      }
    },
    "node_modules/node-microphone": {
      "version": "0.1.5",
      "resolved": "git+ssh://git@github.com/rhysmorgan134/node-microphone.git#302e2448a261eb8b017e3482641494993245b692",
      "license": "MIT",
      "engines": {
        "node": ">=4.0"
      }
    },
    "node_modules/usb": {
      "version": "2.18.0",
      "resolved": "https://registry.npmjs.org/usb/-/usb-2.18.0.tgz",
      "integrity": "sha512-klAJPUTaSxRvTgrIh7om6UTrgRxdzioD+rJc/MaoiN8+OGdqRzai39tR00asnoCesPNikItWB9zBZoo0pJsWaA==",
      "hasInstallScript": true,
      "license": "MIT",
      "dependencies": {
        "@types/w3c-web-usb": "^1.0.6",
        "node-addon-api": "^8.0.0",
        "node-gyp-build": "^4.5.0"
      },
      "engines": {
        "node": ">=12.22.0 <13.0 || >=14.17.0"
      }
    }
  }
}
